
Microsoft Visual Studio Solution File, Format Version 12.00
# Visual Studio 15
VisualStudioVersion = 15.0.26124.0
MinimumVisualStudioVersion = 15.0.26124.0
Project("{FAE04EC0-301F-11D3-BF4B-00C04F79EFBC}") = "IServices", "IServices\IServices.csproj", "{A944EE86-7CAA-416A-A78E-8BF29926F2BB}"
EndProject
Project("{FAE04EC0-301F-11D3-BF4B-00C04F79EFBC}") = "Services", "Services\Services.csproj", "{BBEF920A-3AE6-42A9-A073-B6CC49A72AA7}"
EndProject
Project("{FAE04EC0-301F-11D3-BF4B-00C04F79EFBC}") = "stone", "stone\stone.csproj", "{3B78A239-2A19-43E3-8B3C-469E3716292B}"
EndProject
Project("{2150E333-8FDC-42A3-9474-1A3956D46DE8}") = "test", "test", "{F6FF9C90-64F8-4FA0-8054-9175D2AAF8C8}"
EndProject
Project("{FAE04EC0-301F-11D3-BF4B-00C04F79EFBC}") = "Services.Test", "test\Services.Test\Services.Test.csproj", "{63FB55CC-B339-4632-BA31-1E4E037436D6}"
EndProject
Global
	GlobalSection(SolutionConfigurationPlatforms) = preSolution
		Debug|Any CPU = Debug|Any CPU
		Debug|x64 = Debug|x64
		Debug|x86 = Debug|x86
		Release|Any CPU = Release|Any CPU
		Release|x64 = Release|x64
		Release|x86 = Release|x86
	EndGlobalSection
	GlobalSection(SolutionProperties) = preSolution
		HideSolutionNode = FALSE
	EndGlobalSection
	GlobalSection(ProjectConfigurationPlatforms) = postSolution
		{A944EE86-7CAA-416A-A78E-8BF29926F2BB}.Debug|Any CPU.ActiveCfg = Debug|Any CPU
		{A944EE86-7CAA-416A-A78E-8BF29926F2BB}.Debug|Any CPU.Build.0 = Debug|Any CPU
		{A944EE86-7CAA-416A-A78E-8BF29926F2BB}.Debug|x64.ActiveCfg = Debug|Any CPU
		{A944EE86-7CAA-416A-A78E-8BF29926F2BB}.Debug|x64.Build.0 = Debug|Any CPU
		{A944EE86-7CAA-416A-A78E-8BF29926F2BB}.Debug|x86.ActiveCfg = Debug|Any CPU
		{A944EE86-7CAA-416A-A78E-8BF29926F2BB}.Debug|x86.Build.0 = Debug|Any CPU
		{A944EE86-7CAA-416A-A78E-8BF29926F2BB}.Release|Any CPU.ActiveCfg = Release|Any CPU
		{A944EE86-7CAA-416A-A78E-8BF29926F2BB}.Release|Any CPU.Build.0 = Release|Any CPU
		{A944EE86-7CAA-416A-A78E-8BF29926F2BB}.Release|x64.ActiveCfg = Release|Any CPU
		{A944EE86-7CAA-416A-A78E-8BF29926F2BB}.Release|x64.Build.0 = Release|Any CPU
		{A944EE86-7CAA-416A-A78E-8BF29926F2BB}.Release|x86.ActiveCfg = Release|Any CPU
		{A944EE86-7CAA-416A-A78E-8BF29926F2BB}.Release|x86.Build.0 = Release|Any CPU
		{BBEF920A-3AE6-42A9-A073-B6CC49A72AA7}.Debug|Any CPU.ActiveCfg = Debug|Any CPU
		{BBEF920A-3AE6-42A9-A073-B6CC49A72AA7}.Debug|Any CPU.Build.0 = Debug|Any CPU
		{BBEF920A-3AE6-42A9-A073-B6CC49A72AA7}.Debug|x64.ActiveCfg = Debug|Any CPU
		{BBEF920A-3AE6-42A9-A073-B6CC49A72AA7}.Debug|x64.Build.0 = Debug|Any CPU
		{BBEF920A-3AE6-42A9-A073-B6CC49A72AA7}.Debug|x86.ActiveCfg = Debug|Any CPU
		{BBEF920A-3AE6-42A9-A073-B6CC49A72AA7}.Debug|x86.Build.0 = Debug|Any CPU
		{BBEF920A-3AE6-42A9-A073-B6CC49A72AA7}.Release|Any CPU.ActiveCfg = Release|Any CPU
		{BBEF920A-3AE6-42A9-A073-B6CC49A72AA7}.Release|Any CPU.Build.0 = Release|Any CPU
		{BBEF920A-3AE6-42A9-A073-B6CC49A72AA7}.Release|x64.ActiveCfg = Release|Any CPU
		{BBEF920A-3AE6-42A9-A073-B6CC49A72AA7}.Release|x64.Build.0 = Release|Any CPU
		{BBEF920A-3AE6-42A9-A073-B6CC49A72AA7}.Release|x86.ActiveCfg = Release|Any CPU
		{BBEF920A-3AE6-42A9-A073-B6CC49A72AA7}.Release|x86.Build.0 = Release|Any CPU
		{3B78A239-2A19-43E3-8B3C-469E3716292B}.Debug|Any CPU.ActiveCfg = Debug|Any CPU
		{3B78A239-2A19-43E3-8B3C-469E3716292B}.Debug|Any CPU.Build.0 = Debug|Any CPU
		{3B78A239-2A19-43E3-8B3C-469E3716292B}.Debug|x64.ActiveCfg = Debug|Any CPU
		{3B78A239-2A19-43E3-8B3C-469E3716292B}.Debug|x64.Build.0 = Debug|Any CPU
		{3B78A239-2A19-43E3-8B3C-469E3716292B}.Debug|x86.ActiveCfg = Debug|Any CPU
		{3B78A239-2A19-43E3-8B3C-469E3716292B}.Debug|x86.Build.0 = Debug|Any CPU
		{3B78A239-2A19-43E3-8B3C-469E3716292B}.Release|Any CPU.ActiveCfg = Release|Any CPU
		{3B78A239-2A19-43E3-8B3C-469E3716292B}.Release|Any CPU.Build.0 = Release|Any CPU
		{3B78A239-2A19-43E3-8B3C-469E3716292B}.Release|x64.ActiveCfg = Release|Any CPU
		{3B78A239-2A19-43E3-8B3C-469E3716292B}.Release|x64.Build.0 = Release|Any CPU
		{3B78A239-2A19-43E3-8B3C-469E3716292B}.Release|x86.ActiveCfg = Release|Any CPU
		{3B78A239-2A19-43E3-8B3C-469E3716292B}.Release|x86.Build.0 = Release|Any CPU
		{63FB55CC-B339-4632-BA31-1E4E037436D6}.Debug|Any CPU.ActiveCfg = Debug|Any CPU
		{63FB55CC-B339-4632-BA31-1E4E037436D6}.Debug|Any CPU.Build.0 = Debug|Any CPU
		{63FB55CC-B339-4632-BA31-1E4E037436D6}.Debug|x64.ActiveCfg = Debug|Any CPU
		{63FB55CC-B339-4632-BA31-1E4E037436D6}.Debug|x64.Build.0 = Debug|Any CPU
		{63FB55CC-B339-4632-BA31-1E4E037436D6}.Debug|x86.ActiveCfg = Debug|Any CPU
		{63FB55CC-B339-4632-BA31-1E4E037436D6}.Debug|x86.Build.0 = Debug|Any CPU
		{63FB55CC-B339-4632-BA31-1E4E037436D6}.Release|Any CPU.ActiveCfg = Release|Any CPU
		{63FB55CC-B339-4632-BA31-1E4E037436D6}.Release|Any CPU.Build.0 = Release|Any CPU
		{63FB55CC-B339-4632-BA31-1E4E037436D6}.Release|x64.ActiveCfg = Release|Any CPU
		{63FB55CC-B339-4632-BA31-1E4E037436D6}.Release|x64.Build.0 = Release|Any CPU
		{63FB55CC-B339-4632-BA31-1E4E037436D6}.Release|x86.ActiveCfg = Release|Any CPU
		{63FB55CC-B339-4632-BA31-1E4E037436D6}.Release|x86.Build.0 = Release|Any CPU
	EndGlobalSection
	GlobalSection(NestedProjects) = preSolution
		{63FB55CC-B339-4632-BA31-1E4E037436D6} = {F6FF9C90-64F8-4FA0-8054-9175D2AAF8C8}
	EndGlobalSection
EndGlobal
